
Microsoft Visual Studio Solution File, Format Version 12.00
# Visual Studio Version 16
VisualStudioVersion = 16.0.31624.102
MinimumVisualStudioVersion = 10.0.40219.1
Project("{FAE04EC0-301F-11D3-BF4B-00C04F79EFBC}") = "Telenummerbok", "Telenummerbok\Telenummerbok.csproj", "{FD88F24B-81C3-466F-8932-337C2E311150}"
EndProject
Global
	GlobalSection(SolutionConfigurationPlatforms) = preSolution
		Debug|Any CPU = Debug|Any CPU
		Release|Any CPU = Release|Any CPU
	EndGlobalSection
	GlobalSection(ProjectConfigurationPlatforms) = postSolution
		{FD88F24B-81C3-466F-8932-337C2E311150}.Debug|Any CPU.ActiveCfg = Debug|Any CPU
		{FD88F24B-81C3-466F-8932-337C2E311150}.Debug|Any CPU.Build.0 = Debug|Any CPU
		{FD88F24B-81C3-466F-8932-337C2E311150}.Release|Any CPU.ActiveCfg = Release|Any CPU
		{FD88F24B-81C3-466F-8932-337C2E311150}.Release|Any CPU.Build.0 = Release|Any CPU
	EndGlobalSection
	GlobalSection(SolutionProperties) = preSolution
		HideSolutionNode = FALSE
	EndGlobalSection
	GlobalSection(ExtensibilityGlobals) = postSolution
		SolutionGuid = {5A0FDFC9-FD70-4446-856A-E4709139EC6D}
	EndGlobalSection
EndGlobal
